
Microsoft Visual Studio Solution File, Format Version 12.00
# Visual Studio Version 16
VisualStudioVersion = 16.0.31515.178
MinimumVisualStudioVersion = 10.0.40219.1
Project("{FAE04EC0-301F-11D3-BF4B-00C04F79EFBC}") = "MongoStartMeUp", "MongoStartMeUp\MongoStartMeUp.csproj", "{921F1CE3-CB5F-463D-9999-C1FAEDD71393}"
EndProject
Global
	GlobalSection(SolutionConfigurationPlatforms) = preSolution
		Debug|Any CPU = Debug|Any CPU
		Release|Any CPU = Release|Any CPU
	EndGlobalSection
	GlobalSection(ProjectConfigurationPlatforms) = postSolution
		{921F1CE3-CB5F-463D-9999-C1FAEDD71393}.Debug|Any CPU.ActiveCfg = Debug|Any CPU
		{921F1CE3-CB5F-463D-9999-C1FAEDD71393}.Debug|Any CPU.Build.0 = Debug|Any CPU
		{921F1CE3-CB5F-463D-9999-C1FAEDD71393}.Release|Any CPU.ActiveCfg = Release|Any CPU
		{921F1CE3-CB5F-463D-9999-C1FAEDD71393}.Release|Any CPU.Build.0 = Release|Any CPU
	EndGlobalSection
	GlobalSection(SolutionProperties) = preSolution
		HideSolutionNode = FALSE
	EndGlobalSection
	GlobalSection(ExtensibilityGlobals) = postSolution
		SolutionGuid = {644D7CAF-142F-4F52-BF95-4386ADEB40FE}
	EndGlobalSection
EndGlobal
